// !$*UTF8*$!
{
	archiveVersion = 1;
	classes = {
	};
	objectVersion = 56;
	objects = {

/* Begin PBXBuildFile section */
		C106C9CB2AE83713001DDDE9 /* TinyDrawApp.swift in Sources */ = {isa = PBXBuildFile; fileRef = C106C9CA2AE83713001DDDE9 /* TinyDrawApp.swift */; };
		C106C9CD2AE83713001DDDE9 /* ContentView.swift in Sources */ = {isa = PBXBuildFile; fileRef = C106C9CC2AE83713001DDDE9 /* ContentView.swift */; };
		C106C9CF2AE83715001DDDE9 /* Assets.xcassets in Resources */ = {isa = PBXBuildFile; fileRef = C106C9CE2AE83715001DDDE9 /* Assets.xcassets */; };
		C106C9D22AE83715001DDDE9 /* Preview Assets.xcassets in Resources */ = {isa = PBXBuildFile; fileRef = C106C9D12AE83715001DDDE9 /* Preview Assets.xcassets */; };
		C106C9D92AE8375C001DDDE9 /* Stroke.swift in Sources */ = {isa = PBXBuildFile; fileRef = C106C9D82AE8375C001DDDE9 /* Stroke.swift */; };
		C1456D9C2AE94D8900F1E85C /* Color-Codable.swift in Sources */ = {isa = PBXBuildFile; fileRef = C1456D9B2AE94D8900F1E85C /* Color-Codable.swift */; };
		C1456D9E2AE9556900F1E85C /* Path-Curving.swift in Sources */ = {isa = PBXBuildFile; fileRef = C1456D9D2AE9556900F1E85C /* Path-Curving.swift */; };
		C169AD242AE838B000ABAD02 /* Drawing.swift in Sources */ = {isa = PBXBuildFile; fileRef = C169AD232AE838B000ABAD02 /* Drawing.swift */; };
/* End PBXBuildFile section */

/* Begin PBXFileReference section */
		C106C9C72AE83713001DDDE9 /* TinyDraw.app */ = {isa = PBXFileReference; explicitFileType = wrapper.application; includeInIndex = 0; path = TinyDraw.app; sourceTree = BUILT_PRODUCTS_DIR; };
		C106C9CA2AE83713001DDDE9 /* TinyDrawApp.swift */ = {isa = PBXFileReference; lastKnownFileType = sourcecode.swift; path = TinyDrawApp.swift; sourceTree = "<group>"; };
		C106C9CC2AE83713001DDDE9 /* ContentView.swift */ = {isa = PBXFileReference; lastKnownFileType = sourcecode.swift; path = ContentView.swift; sourceTree = "<group>"; };
		C106C9CE2AE83715001DDDE9 /* Assets.xcassets */ = {isa = PBXFileReference; lastKnownFileType = folder.assetcatalog; path = Assets.xcassets; sourceTree = "<group>"; };
		C106C9D12AE83715001DDDE9 /* Preview Assets.xcassets */ = {isa = PBXFileReference; lastKnownFileType = folder.assetcatalog; path = "Preview Assets.xcassets"; sourceTree = "<group>"; };
		C106C9D82AE8375C001DDDE9 /* Stroke.swift */ = {isa = PBXFileReference; lastKnownFileType = sourcecode.swift; path = Stroke.swift; sourceTree = "<group>"; };
		C1456D9A2AE948DA00F1E85C /* Info.plist */ = {isa = PBXFileReference; lastKnownFileType = text.plist; path = Info.plist; sourceTree = "<group>"; };
		C1456D9B2AE94D8900F1E85C /* Color-Codable.swift */ = {isa = PBXFileReference; lastKnownFileType = sourcecode.swift; path = "Color-Codable.swift"; sourceTree = "<group>"; };
		C1456D9D2AE9556900F1E85C /* Path-Curving.swift */ = {isa = PBXFileReference; lastKnownFileType = sourcecode.swift; path = "Path-Curving.swift"; sourceTree = "<group>"; };
		C169AD232AE838B000ABAD02 /* Drawing.swift */ = {isa = PBXFileReference; lastKnownFileType = sourcecode.swift; path = Drawing.swift; sourceTree = "<group>"; };
/* End PBXFileReference section */

/* Begin PBXFrameworksBuildPhase section */
		C106C9C42AE83713001DDDE9 /* Frameworks */ = {
			isa = PBXFrameworksBuildPhase;
			buildActionMask = 2147483647;
			files = (
			);
			runOnlyForDeploymentPostprocessing = 0;
		};
/* End PBXFrameworksBuildPhase section */

/* Begin PBXGroup section */
		C106C9BE2AE83713001DDDE9 = {
			isa = PBXGroup;
			children = (
				C106C9C92AE83713001DDDE9 /* TinyDraw */,
				C106C9C82AE83713001DDDE9 /* Products */,
			);
			sourceTree = "<group>";
		};
		C106C9C82AE83713001DDDE9 /* Products */ = {
			isa = PBXGroup;
			children = (
				C106C9C72AE83713001DDDE9 /* TinyDraw.app */,
			);
			name = Products;
			sourceTree = "<group>";
		};
		C106C9C92AE83713001DDDE9 /* TinyDraw */ = {
			isa = PBXGroup;
			children = (
				C1456D9A2AE948DA00F1E85C /* Info.plist */,
				C106C9CA2AE83713001DDDE9 /* TinyDrawApp.swift */,
				C106C9CC2AE83713001DDDE9 /* ContentView.swift */,
				C106C9D82AE8375C001DDDE9 /* Stroke.swift */,
				C1456D9D2AE9556900F1E85C /* Path-Curving.swift */,
				C1456D9B2AE94D8900F1E85C /* Color-Codable.swift */,
				C169AD232AE838B000ABAD02 /* Drawing.swift */,
				C106C9CE2AE83715001DDDE9 /* Assets.xcassets */,
				C106C9D02AE83715001DDDE9 /* Preview Content */,
			);
			path = TinyDraw;
			sourceTree = "<group>";
		};
		C106C9D02AE83715001DDDE9 /* Preview Content */ = {
			isa = PBXGroup;
			children = (
				C106C9D12AE83715001DDDE9 /* Preview Assets.xcassets */,
			);
			path = "Preview Content";
			sourceTree = "<group>";
		};
/* End PBXGroup section */

/* Begin PBXNativeTarget section */
		C106C9C62AE83713001DDDE9 /* TinyDraw */ = {
			isa = PBXNativeTarget;
			buildConfigurationList = C106C9D52AE83715001DDDE9 /* Build configuration list for PBXNativeTarget "TinyDraw" */;
			buildPhases = (
				C106C9C32AE83713001DDDE9 /* Sources */,
				C106C9C42AE83713001DDDE9 /* Frameworks */,
				C106C9C52AE83713001DDDE9 /* Resources */,
			);
			buildRules = (
			);
			dependencies = (
			);
			name = TinyDraw;
			productName = TinyDraw;
			productReference = C106C9C72AE83713001DDDE9 /* TinyDraw.app */;
			productType = "com.apple.product-type.application";
		};
/* End PBXNativeTarget section */

/* Begin PBXProject section */
		C106C9BF2AE83713001DDDE9 /* Project object */ = {
			isa = PBXProject;
			attributes = {
				BuildIndependentTargetsInParallel = 1;
				LastSwiftUpdateCheck = 1500;
				LastUpgradeCheck = 1500;
				TargetAttributes = {
					C106C9C62AE83713001DDDE9 = {
						CreatedOnToolsVersion = 15.0.1;
					};
				};
			};
			buildConfigurationList = C106C9C22AE83713001DDDE9 /* Build configuration list for PBXProject "TinyDraw" */;
			compatibilityVersion = "Xcode 14.0";
			developmentRegion = en;
			hasScannedForEncodings = 0;
			knownRegions = (
				en,
				Base,
			);
			mainGroup = C106C9BE2AE83713001DDDE9;
			productRefGroup = C106C9C82AE83713001DDDE9 /* Products */;
			projectDirPath = "";
			projectRoot = "";
			targets = (
				C106C9C62AE83713001DDDE9 /* TinyDraw */,
			);
		};
/* End PBXProject section */

/* Begin PBXResourcesBuildPhase section */
		C106C9C52AE83713001DDDE9 /* Resources */ = {
			isa = PBXResourcesBuildPhase;
			buildActionMask = 2147483647;
			files = (
				C106C9D22AE83715001DDDE9 /* Preview Assets.xcassets in Resources */,
				C106C9CF2AE83715001DDDE9 /* Assets.xcassets in Resources */,
			);
			runOnlyForDeploymentPostprocessing = 0;
		};
/* End PBXResourcesBuildPhase section */

/* Begin PBXSourcesBuildPhase section */
		C106C9C32AE83713001DDDE9 /* Sources */ = {
			isa = PBXSourcesBuildPhase;
			buildActionMask = 2147483647;
			files = (
				C1456D9C2AE94D8900F1E85C /* Color-Codable.swift in Sources */,
				C1456D9E2AE9556900F1E85C /* Path-Curving.swift in Sources */,
				C169AD242AE838B000ABAD02 /* Drawing.swift in Sources */,
				C106C9CD2AE83713001DDDE9 /* ContentView.swift in Sources */,
				C106C9D92AE8375C001DDDE9 /* Stroke.swift in Sources */,
				C106C9CB2AE83713001DDDE9 /* TinyDrawApp.swift in Sources */,
			);
			runOnlyForDeploymentPostprocessing = 0;
		};
/* End PBXSourcesBuildPhase section */

/* Begin XCBuildConfiguration section */
		C106C9D32AE83715001DDDE9 /* Debug */ = {
			isa = XCBuildConfiguration;
			buildSettings = {
				ALWAYS_SEARCH_USER_PATHS = NO;
				ASSETCATALOG_COMPILER_GENERATE_SWIFT_ASSET_SYMBOL_EXTENSIONS = YES;
				CLANG_ANALYZER_NONNULL = YES;
				CLANG_ANALYZER_NUMBER_OBJECT_CONVERSION = YES_AGGRESSIVE;
				CLANG_CXX_LANGUAGE_STANDARD = "gnu++20";
				CLANG_ENABLE_MODULES = YES;
				CLANG_ENABLE_OBJC_ARC = YES;
				CLANG_ENABLE_OBJC_WEAK = YES;
				CLANG_WARN_BLOCK_CAPTURE_AUTORELEASING = YES;
				CLANG_WARN_BOOL_CONVERSION = YES;
				CLANG_WARN_COMMA = YES;
				CLANG_WARN_CONSTANT_CONVERSION = YES;
				CLANG_WARN_DEPRECATED_OBJC_IMPLEMENTATIONS = YES;
				CLANG_WARN_DIRECT_OBJC_ISA_USAGE = YES_ERROR;
				CLANG_WARN_DOCUMENTATION_COMMENTS = YES;
				CLANG_WARN_EMPTY_BODY = YES;
				CLANG_WARN_ENUM_CONVERSION = YES;
				CLANG_WARN_INFINITE_RECURSION = YES;
				CLANG_WARN_INT_CONVERSION = YES;
				CLANG_WARN_NON_LITERAL_NULL_CONVERSION = YES;
				CLANG_WARN_OBJC_IMPLICIT_RETAIN_SELF = YES;
				CLANG_WARN_OBJC_LITERAL_CONVERSION = YES;
				CLANG_WARN_OBJC_ROOT_CLASS = YES_ERROR;
				CLANG_WARN_QUOTED_INCLUDE_IN_FRAMEWORK_HEADER = YES;
				CLANG_WARN_RANGE_LOOP_ANALYSIS = YES;
				CLANG_WARN_STRICT_PROTOTYPES = YES;
				CLANG_WARN_SUSPICIOUS_MOVE = YES;
				CLANG_WARN_UNGUARDED_AVAILABILITY = YES_AGGRESSIVE;
				CLANG_WARN_UNREACHABLE_CODE = YES;
				CLANG_WARN__DUPLICATE_METHOD_MATCH = YES;
				COPY_PHASE_STRIP = NO;
				DEBUG_INFORMATION_FORMAT = dwarf;
				ENABLE_STRICT_OBJC_MSGSEND = YES;
				ENABLE_TESTABILITY = YES;
				ENABLE_USER_SCRIPT_SANDBOXING = YES;
				GCC_C_LANGUAGE_STANDARD = gnu17;
				GCC_DYNAMIC_NO_PIC = NO;
				GCC_NO_COMMON_BLOCKS = YES;
				GCC_OPTIMIZATION_LEVEL = 0;
				GCC_PREPROCESSOR_DEFINITIONS = (
					"DEBUG=1",
					"$(inherited)",
				);
				GCC_WARN_64_TO_32_BIT_CONVERSION = YES;
				GCC_WARN_ABOUT_RETURN_TYPE = YES_ERROR;
				GCC_WARN_UNDECLARED_SELECTOR = YES;
				GCC_WARN_UNINITIALIZED_AUTOS = YES_AGGRESSIVE;
				GCC_WARN_UNUSED_FUNCTION = YES;
				GCC_WARN_UNUSED_VARIABLE = YES;
				IPHONEOS_DEPLOYMENT_TARGET = 17.0;
				LOCALIZATION_PREFERS_STRING_CATALOGS = YES;
				MTL_ENABLE_DEBUG_INFO = INCLUDE_SOURCE;
				MTL_FAST_MATH = YES;
				ONLY_ACTIVE_ARCH = YES;
				SDKROOT = iphoneos;
				SWIFT_ACTIVE_COMPILATION_CONDITIONS = "DEBUG $(inherited)";
				SWIFT_OPTIMIZATION_LEVEL = "-Onone";
			};
			name = Debug;
		};
		C106C9D42AE83715001DDDE9 /* Release */ = {
			isa = XCBuildConfiguration;
			buildSettings = {
				ALWAYS_SEARCH_USER_PATHS = NO;
				ASSETCATALOG_COMPILER_GENERATE_SWIFT_ASSET_SYMBOL_EXTENSIONS = YES;
				CLANG_ANALYZER_NONNULL = YES;
				CLANG_ANALYZER_NUMBER_OBJECT_CONVERSION = YES_AGGRESSIVE;
				CLANG_CXX_LANGUAGE_STANDARD = "gnu++20";
				CLANG_ENABLE_MODULES = YES;
				CLANG_ENABLE_OBJC_ARC = YES;
				CLANG_ENABLE_OBJC_WEAK = YES;
				CLANG_WARN_BLOCK_CAPTURE_AUTORELEASING = YES;
				CLANG_WARN_BOOL_CONVERSION = YES;
				CLANG_WARN_COMMA = YES;
				CLANG_WARN_CONSTANT_CONVERSION = YES;
				CLANG_WARN_DEPRECATED_OBJC_IMPLEMENTATIONS = YES;
				CLANG_WARN_DIRECT_OBJC_ISA_USAGE = YES_ERROR;
				CLANG_WARN_DOCUMENTATION_COMMENTS = YES;
				CLANG_WARN_EMPTY_BODY = YES;
				CLANG_WARN_ENUM_CONVERSION = YES;
				CLANG_WARN_INFINITE_RECURSION = YES;
				CLANG_WARN_INT_CONVERSION = YES;
				CLANG_WARN_NON_LITERAL_NULL_CONVERSION = YES;
				CLANG_WARN_OBJC_IMPLICIT_RETAIN_SELF = YES;
				CLANG_WARN_OBJC_LITERAL_CONVERSION = YES;
				CLANG_WARN_OBJC_ROOT_CLASS = YES_ERROR;
				CLANG_WARN_QUOTED_INCLUDE_IN_FRAMEWORK_HEADER = YES;
				CLANG_WARN_RANGE_LOOP_ANALYSIS = YES;
				CLANG_WARN_STRICT_PROTOTYPES = YES;
				CLANG_WARN_SUSPICIOUS_MOVE = YES;
				CLANG_WARN_UNGUARDED_AVAILABILITY = YES_AGGRESSIVE;
				CLANG_WARN_UNREACHABLE_CODE = YES;
				CLANG_WARN__DUPLICATE_METHOD_MATCH = YES;
				COPY_PHASE_STRIP = NO;
				DEBUG_INFORMATION_FORMAT = "dwarf-with-dsym";
				ENABLE_NS_ASSERTIONS = NO;
				ENABLE_STRICT_OBJC_MSGSEND = YES;
				ENABLE_USER_SCRIPT_SANDBOXING = YES;
				GCC_C_LANGUAGE_STANDARD = gnu17;
				GCC_NO_COMMON_BLOCKS = YES;
				GCC_WARN_64_TO_32_BIT_CONVERSION = YES;
				GCC_WARN_ABOUT_RETURN_TYPE = YES_ERROR;
				GCC_WARN_UNDECLARED_SELECTOR = YES;
				GCC_WARN_UNINITIALIZED_AUTOS = YES_AGGRESSIVE;
				GCC_WARN_UNUSED_FUNCTION = YES;
				GCC_WARN_UNUSED_VARIABLE = YES;
				IPHONEOS_DEPLOYMENT_TARGET = 17.0;
				LOCALIZATION_PREFERS_STRING_CATALOGS = YES;
				MTL_ENABLE_DEBUG_INFO = NO;
				MTL_FAST_MATH = YES;
				SDKROOT = iphoneos;
				SWIFT_COMPILATION_MODE = wholemodule;
				VALIDATE_PRODUCT = YES;
			};
			name = Release;
		};
		C106C9D62AE83715001DDDE9 /* Debug */ = {
			isa = XCBuildConfiguration;
			buildSettings = {
				ASSETCATALOG_COMPILER_APPICON_NAME = AppIcon;
				ASSETCATALOG_COMPILER_GLOBAL_ACCENT_COLOR_NAME = AccentColor;
				CODE_SIGN_STYLE = Automatic;
				CURRENT_PROJECT_VERSION = 1;
				DEVELOPMENT_ASSET_PATHS = "\"TinyDraw/Preview Content\"";
				DEVELOPMENT_TEAM = M6RSUA6A9T;
				ENABLE_PREVIEWS = YES;
				GENERATE_INFOPLIST_FILE = YES;
				INFOPLIST_FILE = TinyDraw/Info.plist;
				INFOPLIST_KEY_UIApplicationSceneManifest_Generation = YES;
				INFOPLIST_KEY_UIApplicationSupportsIndirectInputEvents = YES;
				INFOPLIST_KEY_UILaunchScreen_Generation = YES;
				INFOPLIST_KEY_UISupportedInterfaceOrientations_iPad = "UIInterfaceOrientationPortrait UIInterfaceOrientationPortraitUpsideDown UIInterfaceOrientationLandscapeLeft UIInterfaceOrientationLandscapeRight";
				INFOPLIST_KEY_UISupportedInterfaceOrientations_iPhone = "UIInterfaceOrientationPortrait UIInterfaceOrientationLandscapeLeft UIInterfaceOrientationLandscapeRight";
				INFOPLIST_KEY_UISupportsDocumentBrowser = YES;
				LD_RUNPATH_SEARCH_PATHS = (
					"$(inherited)",
					"@executable_path/Frameworks",
				);
				MARKETING_VERSION = 1.0;
				PRODUCT_BUNDLE_IDENTIFIER = me.gurbanova.julia.TinyDraw;
				PRODUCT_NAME = "$(TARGET_NAME)";
				SUPPORTED_PLATFORMS = "iphoneos iphonesimulator";
				SUPPORTS_MACCATALYST = NO;
				SWIFT_EMIT_LOC_STRINGS = YES;
				SWIFT_VERSION = 5.0;
				TARGETED_DEVICE_FAMILY = 2;
			};
			name = Debug;
		};
		C106C9D72AE83715001DDDE9 /* Release */ = {
			isa = XCBuildConfiguration;
			buildSettings = {
				ASSETCATALOG_COMPILER_APPICON_NAME = AppIcon;
				ASSETCATALOG_COMPILER_GLOBAL_ACCENT_COLOR_NAME = AccentColor;
				CODE_SIGN_STYLE = Automatic;
				CURRENT_PROJECT_VERSION = 1;
				DEVELOPMENT_ASSET_PATHS = "\"TinyDraw/Preview Content\"";
				DEVELOPMENT_TEAM = M6RSUA6A9T;
				ENABLE_PREVIEWS = YES;
				GENERATE_INFOPLIST_FILE = YES;
				INFOPLIST_FILE = TinyDraw/Info.plist;
				INFOPLIST_KEY_UIApplicationSceneManifest_Generation = YES;
				INFOPLIST_KEY_UIApplicationSupportsIndirectInputEvents = YES;
				INFOPLIST_KEY_UILaunchScreen_Generation = YES;
				INFOPLIST_KEY_UISupportedInterfaceOrientations_iPad = "UIInterfaceOrientationPortrait UIInterfaceOrientationPortraitUpsideDown UIInterfaceOrientationLandscapeLeft UIInterfaceOrientationLandscapeRight";
				INFOPLIST_KEY_UISupportedInterfaceOrientations_iPhone = "UIInterfaceOrientationPortrait UIInterfaceOrientationLandscapeLeft UIInterfaceOrientationLandscapeRight";
				INFOPLIST_KEY_UISupportsDocumentBrowser = YES;
				LD_RUNPATH_SEARCH_PATHS = (
					"$(inherited)",
					"@executable_path/Frameworks",
				);
				MARKETING_VERSION = 1.0;
				PRODUCT_BUNDLE_IDENTIFIER = me.gurbanova.julia.TinyDraw;
				PRODUCT_NAME = "$(TARGET_NAME)";
				SUPPORTED_PLATFORMS = "iphoneos iphonesimulator";
				SUPPORTS_MACCATALYST = NO;
				SWIFT_EMIT_LOC_STRINGS = YES;
				SWIFT_VERSION = 5.0;
				TARGETED_DEVICE_FAMILY = 2;
			};
			name = Release;
		};
/* End XCBuildConfiguration section */

/* Begin XCConfigurationList section */
		C106C9C22AE83713001DDDE9 /* Build configuration list for PBXProject "TinyDraw" */ = {
			isa = XCConfigurationList;
			buildConfigurations = (
				C106C9D32AE83715001DDDE9 /* Debug */,
				C106C9D42AE83715001DDDE9 /* Release */,
			);
			defaultConfigurationIsVisible = 0;
			defaultConfigurationName = Release;
		};
		C106C9D52AE83715001DDDE9 /* Build configuration list for PBXNativeTarget "TinyDraw" */ = {
			isa = XCConfigurationList;
			buildConfigurations = (
				C106C9D62AE83715001DDDE9 /* Debug */,
				C106C9D72AE83715001DDDE9 /* Release */,
			);
			defaultConfigurationIsVisible = 0;
			defaultConfigurationName = Release;
		};
/* End XCConfigurationList section */
	};
	rootObject = C106C9BF2AE83713001DDDE9 /* Project object */;
}
